
Microsoft Visual Studio Solution File, Format Version 12.00
# Visual Studio Version 16
VisualStudioVersion = 16.0.30523.141
MinimumVisualStudioVersion = 10.0.40219.1
Project("{FAE04EC0-301F-11D3-BF4B-00C04F79EFBC}") = "TireTorture.UWP", "TireTorture\TireTorture.UWP\TireTorture.UWP.csproj", "{F25E1499-96CE-42F0-A5E0-4ABC59C3687E}"
EndProject
Project("{FAE04EC0-301F-11D3-BF4B-00C04F79EFBC}") = "TireTorture.Android", "TireTorture\TireTorture.Android\TireTorture.Android.csproj", "{C9A7B3AB-5394-4D26-B557-6448D72F6E9A}"
EndProject
Project("{FAE04EC0-301F-11D3-BF4B-00C04F79EFBC}") = "TireTorture.iOS", "TireTorture\TireTorture.iOS\TireTorture.iOS.csproj", "{ACDE4A29-BE39-46F1-83E1-4C800D82F5A3}"
EndProject
Project("{FAE04EC0-301F-11D3-BF4B-00C04F79EFBC}") = "TireTorture", "TireTorture\TireTorture\TireTorture.csproj", "{43340229-5C4E-4A87-B2CA-113844686E4D}"
EndProject
Global
	GlobalSection(SolutionConfigurationPlatforms) = preSolution
		Debug|Any CPU = Debug|Any CPU
		Debug|ARM = Debug|ARM
		Debug|iPhone = Debug|iPhone
		Debug|iPhoneSimulator = Debug|iPhoneSimulator
		Debug|x64 = Debug|x64
		Debug|x86 = Debug|x86
		Release|Any CPU = Release|Any CPU
		Release|ARM = Release|ARM
		Release|iPhone = Release|iPhone
		Release|iPhoneSimulator = Release|iPhoneSimulator
		Release|x64 = Release|x64
		Release|x86 = Release|x86
	EndGlobalSection
	GlobalSection(ProjectConfigurationPlatforms) = postSolution
		{F25E1499-96CE-42F0-A5E0-4ABC59C3687E}.Debug|Any CPU.ActiveCfg = Debug|x86
		{F25E1499-96CE-42F0-A5E0-4ABC59C3687E}.Debug|Any CPU.Build.0 = Debug|x86
		{F25E1499-96CE-42F0-A5E0-4ABC59C3687E}.Debug|Any CPU.Deploy.0 = Debug|x86
		{F25E1499-96CE-42F0-A5E0-4ABC59C3687E}.Debug|ARM.ActiveCfg = Debug|ARM
		{F25E1499-96CE-42F0-A5E0-4ABC59C3687E}.Debug|ARM.Build.0 = Debug|ARM
		{F25E1499-96CE-42F0-A5E0-4ABC59C3687E}.Debug|ARM.Deploy.0 = Debug|ARM
		{F25E1499-96CE-42F0-A5E0-4ABC59C3687E}.Debug|iPhone.ActiveCfg = Debug|x86
		{F25E1499-96CE-42F0-A5E0-4ABC59C3687E}.Debug|iPhone.Build.0 = Debug|x86
		{F25E1499-96CE-42F0-A5E0-4ABC59C3687E}.Debug|iPhone.Deploy.0 = Debug|x86
		{F25E1499-96CE-42F0-A5E0-4ABC59C3687E}.Debug|iPhoneSimulator.ActiveCfg = Debug|x86
		{F25E1499-96CE-42F0-A5E0-4ABC59C3687E}.Debug|iPhoneSimulator.Build.0 = Debug|x86
		{F25E1499-96CE-42F0-A5E0-4ABC59C3687E}.Debug|iPhoneSimulator.Deploy.0 = Debug|x86
		{F25E1499-96CE-42F0-A5E0-4ABC59C3687E}.Debug|x64.ActiveCfg = Debug|x64
		{F25E1499-96CE-42F0-A5E0-4ABC59C3687E}.Debug|x64.Build.0 = Debug|x64
		{F25E1499-96CE-42F0-A5E0-4ABC59C3687E}.Debug|x64.Deploy.0 = Debug|x64
		{F25E1499-96CE-42F0-A5E0-4ABC59C3687E}.Debug|x86.ActiveCfg = Debug|x86
		{F25E1499-96CE-42F0-A5E0-4ABC59C3687E}.Debug|x86.Build.0 = Debug|x86
		{F25E1499-96CE-42F0-A5E0-4ABC59C3687E}.Debug|x86.Deploy.0 = Debug|x86
		{F25E1499-96CE-42F0-A5E0-4ABC59C3687E}.Release|Any CPU.ActiveCfg = Release|x86
		{F25E1499-96CE-42F0-A5E0-4ABC59C3687E}.Release|Any CPU.Build.0 = Release|x86
		{F25E1499-96CE-42F0-A5E0-4ABC59C3687E}.Release|Any CPU.Deploy.0 = Release|x86
		{F25E1499-96CE-42F0-A5E0-4ABC59C3687E}.Release|ARM.ActiveCfg = Release|ARM
		{F25E1499-96CE-42F0-A5E0-4ABC59C3687E}.Release|ARM.Build.0 = Release|ARM
		{F25E1499-96CE-42F0-A5E0-4ABC59C3687E}.Release|ARM.Deploy.0 = Release|ARM
		{F25E1499-96CE-42F0-A5E0-4ABC59C3687E}.Release|iPhone.ActiveCfg = Release|x86
		{F25E1499-96CE-42F0-A5E0-4ABC59C3687E}.Release|iPhone.Build.0 = Release|x86
		{F25E1499-96CE-42F0-A5E0-4ABC59C3687E}.Release|iPhone.Deploy.0 = Release|x86
		{F25E1499-96CE-42F0-A5E0-4ABC59C3687E}.Release|iPhoneSimulator.ActiveCfg = Release|x86
		{F25E1499-96CE-42F0-A5E0-4ABC59C3687E}.Release|iPhoneSimulator.Build.0 = Release|x86
		{F25E1499-96CE-42F0-A5E0-4ABC59C3687E}.Release|iPhoneSimulator.Deploy.0 = Release|x86
		{F25E1499-96CE-42F0-A5E0-4ABC59C3687E}.Release|x64.ActiveCfg = Release|x64
		{F25E1499-96CE-42F0-A5E0-4ABC59C3687E}.Release|x64.Build.0 = Release|x64
		{F25E1499-96CE-42F0-A5E0-4ABC59C3687E}.Release|x64.Deploy.0 = Release|x64
		{F25E1499-96CE-42F0-A5E0-4ABC59C3687E}.Release|x86.ActiveCfg = Release|x86
		{F25E1499-96CE-42F0-A5E0-4ABC59C3687E}.Release|x86.Build.0 = Release|x86
		{F25E1499-96CE-42F0-A5E0-4ABC59C3687E}.Release|x86.Deploy.0 = Release|x86
		{C9A7B3AB-5394-4D26-B557-6448D72F6E9A}.Debug|Any CPU.ActiveCfg = Debug|Any CPU
		{C9A7B3AB-5394-4D26-B557-6448D72F6E9A}.Debug|Any CPU.Build.0 = Debug|Any CPU
		{C9A7B3AB-5394-4D26-B557-6448D72F6E9A}.Debug|Any CPU.Deploy.0 = Debug|Any CPU
		{C9A7B3AB-5394-4D26-B557-6448D72F6E9A}.Debug|ARM.ActiveCfg = Debug|Any CPU
		{C9A7B3AB-5394-4D26-B557-6448D72F6E9A}.Debug|ARM.Build.0 = Debug|Any CPU
		{C9A7B3AB-5394-4D26-B557-6448D72F6E9A}.Debug|ARM.Deploy.0 = Debug|Any CPU
		{C9A7B3AB-5394-4D26-B557-6448D72F6E9A}.Debug|iPhone.ActiveCfg = Debug|Any CPU
		{C9A7B3AB-5394-4D26-B557-6448D72F6E9A}.Debug|iPhone.Build.0 = Debug|Any CPU
		{C9A7B3AB-5394-4D26-B557-6448D72F6E9A}.Debug|iPhone.Deploy.0 = Debug|Any CPU
		{C9A7B3AB-5394-4D26-B557-6448D72F6E9A}.Debug|iPhoneSimulator.ActiveCfg = Debug|Any CPU
		{C9A7B3AB-5394-4D26-B557-6448D72F6E9A}.Debug|iPhoneSimulator.Build.0 = Debug|Any CPU
		{C9A7B3AB-5394-4D26-B557-6448D72F6E9A}.Debug|iPhoneSimulator.Deploy.0 = Debug|Any CPU
		{C9A7B3AB-5394-4D26-B557-6448D72F6E9A}.Debug|x64.ActiveCfg = Debug|Any CPU
		{C9A7B3AB-5394-4D26-B557-6448D72F6E9A}.Debug|x64.Build.0 = Debug|Any CPU
		{C9A7B3AB-5394-4D26-B557-6448D72F6E9A}.Debug|x64.Deploy.0 = Debug|Any CPU
		{C9A7B3AB-5394-4D26-B557-6448D72F6E9A}.Debug|x86.ActiveCfg = Debug|Any CPU
		{C9A7B3AB-5394-4D26-B557-6448D72F6E9A}.Debug|x86.Build.0 = Debug|Any CPU
		{C9A7B3AB-5394-4D26-B557-6448D72F6E9A}.Debug|x86.Deploy.0 = Debug|Any CPU
		{C9A7B3AB-5394-4D26-B557-6448D72F6E9A}.Release|Any CPU.ActiveCfg = Release|Any CPU
		{C9A7B3AB-5394-4D26-B557-6448D72F6E9A}.Release|Any CPU.Build.0 = Release|Any CPU
		{C9A7B3AB-5394-4D26-B557-6448D72F6E9A}.Release|Any CPU.Deploy.0 = Release|Any CPU
		{C9A7B3AB-5394-4D26-B557-6448D72F6E9A}.Release|ARM.ActiveCfg = Release|Any CPU
		{C9A7B3AB-5394-4D26-B557-6448D72F6E9A}.Release|ARM.Build.0 = Release|Any CPU
		{C9A7B3AB-5394-4D26-B557-6448D72F6E9A}.Release|ARM.Deploy.0 = Release|Any CPU
		{C9A7B3AB-5394-4D26-B557-6448D72F6E9A}.Release|iPhone.ActiveCfg = Release|Any CPU
		{C9A7B3AB-5394-4D26-B557-6448D72F6E9A}.Release|iPhone.Build.0 = Release|Any CPU
		{C9A7B3AB-5394-4D26-B557-6448D72F6E9A}.Release|iPhone.Deploy.0 = Release|Any CPU
		{C9A7B3AB-5394-4D26-B557-6448D72F6E9A}.Release|iPhoneSimulator.ActiveCfg = Release|Any CPU
		{C9A7B3AB-5394-4D26-B557-6448D72F6E9A}.Release|iPhoneSimulator.Build.0 = Release|Any CPU
		{C9A7B3AB-5394-4D26-B557-6448D72F6E9A}.Release|iPhoneSimulator.Deploy.0 = Release|Any CPU
		{C9A7B3AB-5394-4D26-B557-6448D72F6E9A}.Release|x64.ActiveCfg = Release|Any CPU
		{C9A7B3AB-5394-4D26-B557-6448D72F6E9A}.Release|x64.Build.0 = Release|Any CPU
		{C9A7B3AB-5394-4D26-B557-6448D72F6E9A}.Release|x64.Deploy.0 = Release|Any CPU
		{C9A7B3AB-5394-4D26-B557-6448D72F6E9A}.Release|x86.ActiveCfg = Release|Any CPU
		{C9A7B3AB-5394-4D26-B557-6448D72F6E9A}.Release|x86.Build.0 = Release|Any CPU
		{C9A7B3AB-5394-4D26-B557-6448D72F6E9A}.Release|x86.Deploy.0 = Release|Any CPU
		{ACDE4A29-BE39-46F1-83E1-4C800D82F5A3}.Debug|Any CPU.ActiveCfg = Debug|iPhoneSimulator
		{ACDE4A29-BE39-46F1-83E1-4C800D82F5A3}.Debug|Any CPU.Build.0 = Debug|iPhoneSimulator
		{ACDE4A29-BE39-46F1-83E1-4C800D82F5A3}.Debug|Any CPU.Deploy.0 = Debug|iPhoneSimulator
		{ACDE4A29-BE39-46F1-83E1-4C800D82F5A3}.Debug|ARM.ActiveCfg = Debug|iPhone
		{ACDE4A29-BE39-46F1-83E1-4C800D82F5A3}.Debug|ARM.Build.0 = Debug|iPhone
		{ACDE4A29-BE39-46F1-83E1-4C800D82F5A3}.Debug|ARM.Deploy.0 = Debug|iPhone
		{ACDE4A29-BE39-46F1-83E1-4C800D82F5A3}.Debug|iPhone.ActiveCfg = Debug|iPhone
		{ACDE4A29-BE39-46F1-83E1-4C800D82F5A3}.Debug|iPhone.Build.0 = Debug|iPhone
		{ACDE4A29-BE39-46F1-83E1-4C800D82F5A3}.Debug|iPhone.Deploy.0 = Debug|iPhone
		{ACDE4A29-BE39-46F1-83E1-4C800D82F5A3}.Debug|iPhoneSimulator.ActiveCfg = Debug|iPhoneSimulator
		{ACDE4A29-BE39-46F1-83E1-4C800D82F5A3}.Debug|iPhoneSimulator.Build.0 = Debug|iPhoneSimulator
		{ACDE4A29-BE39-46F1-83E1-4C800D82F5A3}.Debug|iPhoneSimulator.Deploy.0 = Debug|iPhoneSimulator
		{ACDE4A29-BE39-46F1-83E1-4C800D82F5A3}.Debug|x64.ActiveCfg = Debug|iPhoneSimulator
		{ACDE4A29-BE39-46F1-83E1-4C800D82F5A3}.Debug|x64.Build.0 = Debug|iPhoneSimulator
		{ACDE4A29-BE39-46F1-83E1-4C800D82F5A3}.Debug|x64.Deploy.0 = Debug|iPhoneSimulator
		{ACDE4A29-BE39-46F1-83E1-4C800D82F5A3}.Debug|x86.ActiveCfg = Debug|iPhoneSimulator
		{ACDE4A29-BE39-46F1-83E1-4C800D82F5A3}.Debug|x86.Build.0 = Debug|iPhoneSimulator
		{ACDE4A29-BE39-46F1-83E1-4C800D82F5A3}.Debug|x86.Deploy.0 = Debug|iPhoneSimulator
		{ACDE4A29-BE39-46F1-83E1-4C800D82F5A3}.Release|Any CPU.ActiveCfg = Release|iPhoneSimulator
		{ACDE4A29-BE39-46F1-83E1-4C800D82F5A3}.Release|Any CPU.Build.0 = Release|iPhoneSimulator
		{ACDE4A29-BE39-46F1-83E1-4C800D82F5A3}.Release|Any CPU.Deploy.0 = Release|iPhoneSimulator
		{ACDE4A29-BE39-46F1-83E1-4C800D82F5A3}.Release|ARM.ActiveCfg = Release|iPhoneSimulator
		{ACDE4A29-BE39-46F1-83E1-4C800D82F5A3}.Release|ARM.Build.0 = Release|iPhoneSimulator
		{ACDE4A29-BE39-46F1-83E1-4C800D82F5A3}.Release|ARM.Deploy.0 = Release|iPhoneSimulator
		{ACDE4A29-BE39-46F1-83E1-4C800D82F5A3}.Release|iPhone.ActiveCfg = Release|iPhone
		{ACDE4A29-BE39-46F1-83E1-4C800D82F5A3}.Release|iPhone.Build.0 = Release|iPhone
		{ACDE4A29-BE39-46F1-83E1-4C800D82F5A3}.Release|iPhone.Deploy.0 = Release|iPhone
		{ACDE4A29-BE39-46F1-83E1-4C800D82F5A3}.Release|iPhoneSimulator.ActiveCfg = Release|iPhoneSimulator
		{ACDE4A29-BE39-46F1-83E1-4C800D82F5A3}.Release|iPhoneSimulator.Build.0 = Release|iPhoneSimulator
		{ACDE4A29-BE39-46F1-83E1-4C800D82F5A3}.Release|iPhoneSimulator.Deploy.0 = Release|iPhoneSimulator
		{ACDE4A29-BE39-46F1-83E1-4C800D82F5A3}.Release|x64.ActiveCfg = Release|iPhoneSimulator
		{ACDE4A29-BE39-46F1-83E1-4C800D82F5A3}.Release|x64.Build.0 = Release|iPhoneSimulator
		{ACDE4A29-BE39-46F1-83E1-4C800D82F5A3}.Release|x64.Deploy.0 = Release|iPhoneSimulator
		{ACDE4A29-BE39-46F1-83E1-4C800D82F5A3}.Release|x86.ActiveCfg = Release|iPhoneSimulator
		{ACDE4A29-BE39-46F1-83E1-4C800D82F5A3}.Release|x86.Build.0 = Release|iPhoneSimulator
		{ACDE4A29-BE39-46F1-83E1-4C800D82F5A3}.Release|x86.Deploy.0 = Release|iPhoneSimulator
		{43340229-5C4E-4A87-B2CA-113844686E4D}.Debug|Any CPU.ActiveCfg = Debug|Any CPU
		{43340229-5C4E-4A87-B2CA-113844686E4D}.Debug|Any CPU.Build.0 = Debug|Any CPU
		{43340229-5C4E-4A87-B2CA-113844686E4D}.Debug|Any CPU.Deploy.0 = Debug|Any CPU
		{43340229-5C4E-4A87-B2CA-113844686E4D}.Debug|ARM.ActiveCfg = Debug|Any CPU
		{43340229-5C4E-4A87-B2CA-113844686E4D}.Debug|ARM.Build.0 = Debug|Any CPU
		{43340229-5C4E-4A87-B2CA-113844686E4D}.Debug|ARM.Deploy.0 = Debug|Any CPU
		{43340229-5C4E-4A87-B2CA-113844686E4D}.Debug|iPhone.ActiveCfg = Debug|Any CPU
		{43340229-5C4E-4A87-B2CA-113844686E4D}.Debug|iPhone.Build.0 = Debug|Any CPU
		{43340229-5C4E-4A87-B2CA-113844686E4D}.Debug|iPhone.Deploy.0 = Debug|Any CPU
		{43340229-5C4E-4A87-B2CA-113844686E4D}.Debug|iPhoneSimulator.ActiveCfg = Debug|Any CPU
		{43340229-5C4E-4A87-B2CA-113844686E4D}.Debug|iPhoneSimulator.Build.0 = Debug|Any CPU
		{43340229-5C4E-4A87-B2CA-113844686E4D}.Debug|iPhoneSimulator.Deploy.0 = Debug|Any CPU
		{43340229-5C4E-4A87-B2CA-113844686E4D}.Debug|x64.ActiveCfg = Debug|Any CPU
		{43340229-5C4E-4A87-B2CA-113844686E4D}.Debug|x64.Build.0 = Debug|Any CPU
		{43340229-5C4E-4A87-B2CA-113844686E4D}.Debug|x64.Deploy.0 = Debug|Any CPU
		{43340229-5C4E-4A87-B2CA-113844686E4D}.Debug|x86.ActiveCfg = Debug|Any CPU
		{43340229-5C4E-4A87-B2CA-113844686E4D}.Debug|x86.Build.0 = Debug|Any CPU
		{43340229-5C4E-4A87-B2CA-113844686E4D}.Debug|x86.Deploy.0 = Debug|Any CPU
		{43340229-5C4E-4A87-B2CA-113844686E4D}.Release|Any CPU.ActiveCfg = Release|Any CPU
		{43340229-5C4E-4A87-B2CA-113844686E4D}.Release|Any CPU.Build.0 = Release|Any CPU
		{43340229-5C4E-4A87-B2CA-113844686E4D}.Release|Any CPU.Deploy.0 = Release|Any CPU
		{43340229-5C4E-4A87-B2CA-113844686E4D}.Release|ARM.ActiveCfg = Release|Any CPU
		{43340229-5C4E-4A87-B2CA-113844686E4D}.Release|ARM.Build.0 = Release|Any CPU
		{43340229-5C4E-4A87-B2CA-113844686E4D}.Release|ARM.Deploy.0 = Release|Any CPU
		{43340229-5C4E-4A87-B2CA-113844686E4D}.Release|iPhone.ActiveCfg = Release|Any CPU
		{43340229-5C4E-4A87-B2CA-113844686E4D}.Release|iPhone.Build.0 = Release|Any CPU
		{43340229-5C4E-4A87-B2CA-113844686E4D}.Release|iPhone.Deploy.0 = Release|Any CPU
		{43340229-5C4E-4A87-B2CA-113844686E4D}.Release|iPhoneSimulator.ActiveCfg = Release|Any CPU
		{43340229-5C4E-4A87-B2CA-113844686E4D}.Release|iPhoneSimulator.Build.0 = Release|Any CPU
		{43340229-5C4E-4A87-B2CA-113844686E4D}.Release|iPhoneSimulator.Deploy.0 = Release|Any CPU
		{43340229-5C4E-4A87-B2CA-113844686E4D}.Release|x64.ActiveCfg = Release|Any CPU
		{43340229-5C4E-4A87-B2CA-113844686E4D}.Release|x64.Build.0 = Release|Any CPU
		{43340229-5C4E-4A87-B2CA-113844686E4D}.Release|x64.Deploy.0 = Release|Any CPU
		{43340229-5C4E-4A87-B2CA-113844686E4D}.Release|x86.ActiveCfg = Release|Any CPU
		{43340229-5C4E-4A87-B2CA-113844686E4D}.Release|x86.Build.0 = Release|Any CPU
		{43340229-5C4E-4A87-B2CA-113844686E4D}.Release|x86.Deploy.0 = Release|Any CPU
	EndGlobalSection
	GlobalSection(SolutionProperties) = preSolution
		HideSolutionNode = FALSE
	EndGlobalSection
	GlobalSection(ExtensibilityGlobals) = postSolution
		SolutionGuid = {F2B55438-7A22-4BDB-8508-3ECF9ECC0C66}
	EndGlobalSection
EndGlobal
